# This file is automatically @generated by Cargo.
# It is not intended for manual editing.
version = 4

[[package]]
name = "samaritan"
version = "0.0.0"
dependencies = [
 "samaritan-dispatch",
 "samaritan-graph",
 "samaritan-planning",
 "samaritan-registry",
 "samaritan-schema",
]

[[package]]
name = "samaritan-dispatch"
version = "0.0.0"
dependencies = [
 "samaritan-graph",
 "samaritan-planning",
 "samaritan-registry",
 "samaritan-schema",
]

[[package]]
name = "samaritan-graph"
version = "0.0.0"
dependencies = [
 "samaritan-schema",
]

[[package]]
name = "samaritan-planning"
version = "0.0.0"
dependencies = [
 "samaritan-graph",
 "samaritan-registry",
 "samaritan-schema",
]

[[package]]
name = "samaritan-registry"
version = "0.0.0"
dependencies = [
 "samaritan-graph",
 "samaritan-schema",
]

[[package]]
name = "samaritan-schema"
version = "0.0.0"
